
Microsoft Visual Studio Solution File, Format Version 12.00
# Visual Studio 2013
VisualStudioVersion = 12.0.21005.1
MinimumVisualStudioVersion = 10.0.40219.1
Project("{FAE04EC0-301F-11D3-BF4B-00C04F79EFBC}") = "encryptFile", "encryptFile\encryptFile.csproj", "{04099EE6-805A-40AC-BFB3-FD633A61EAE3}"
EndProject
Project("{FAE04EC0-301F-11D3-BF4B-00C04F79EFBC}") = "encrypt", "encrypt\encrypt.csproj", "{6CD363D5-33E7-4575-AD31-D77F99BD9551}"
EndProject
Project("{FAE04EC0-301F-11D3-BF4B-00C04F79EFBC}") = "excel", "excel\excel.csproj", "{576FD8F1-075A-49D0-AC86-47596B1B88B2}"
EndProject
Project("{FAE04EC0-301F-11D3-BF4B-00C04F79EFBC}") = "library", "library\library.csproj", "{7E85E039-6585-44C6-A410-E1A4406A753B}"
EndProject
Project("{FAE04EC0-301F-11D3-BF4B-00C04F79EFBC}") = "library-u", "library-u\library-u.csproj", "{D13A02EA-EBC9-4F88-8887-A6E006FB0FB0}"
EndProject
Project("{FAE04EC0-301F-11D3-BF4B-00C04F79EFBC}") = "library-ue", "library-ue\library-ue.csproj", "{03E61B0C-84A1-44BA-ADE5-55D8804012D1}"
EndProject
Project("{FAE04EC0-301F-11D3-BF4B-00C04F79EFBC}") = "fileVersion", "fileVersion\fileVersion.csproj", "{32C3F2CD-87BC-4BC4-8C44-CBAE98315BFB}"
EndProject
Project("{FAE04EC0-301F-11D3-BF4B-00C04F79EFBC}") = "findText", "findText\findText.csproj", "{32127943-C42D-4BD5-B9D3-989B9A16851A}"
EndProject
Project("{FAE04EC0-301F-11D3-BF4B-00C04F79EFBC}") = "fileDownload", "fileDownload\fileDownload.csproj", "{680B3F66-B9A6-4DB1-B1F9-E06B02BC6B4F}"
EndProject
Project("{FAE04EC0-301F-11D3-BF4B-00C04F79EFBC}") = "scenario_tools", "scenario_tools\scenario_tools.csproj", "{855D1F87-913D-4FE3-9D7F-3B9A1060E468}"
EndProject
Project("{2150E333-8FDC-42A3-9474-1A3956D46DE8}") = "yg", "yg", "{ABBBC5E0-FA28-4AF8-A83D-88E11F58AE59}"
EndProject
Project("{2150E333-8FDC-42A3-9474-1A3956D46DE8}") = "unity", "unity", "{31726CDF-F0D8-48FD-96C3-B2106382CD06}"
EndProject
Project("{2150E333-8FDC-42A3-9474-1A3956D46DE8}") = "base", "base", "{A62857D2-8324-436D-A52A-E231080FBDA7}"
EndProject
Project("{2150E333-8FDC-42A3-9474-1A3956D46DE8}") = "test", "test", "{AF0AFA22-D4B0-488D-B465-9BB4BCAE5C16}"
EndProject
Project("{FAE04EC0-301F-11D3-BF4B-00C04F79EFBC}") = "test", "test\test.csproj", "{57934B0F-3D37-44C9-B8E6-B9345DBB382F}"
EndProject
Project("{FAE04EC0-301F-11D3-BF4B-00C04F79EFBC}") = "library-excel", "library-excel\library-excel.csproj", "{6C94196A-13A2-4016-9F59-9E426353E92F}"
EndProject
Global
	GlobalSection(SolutionConfigurationPlatforms) = preSolution
		Debug|Any CPU = Debug|Any CPU
		Release|Any CPU = Release|Any CPU
	EndGlobalSection
	GlobalSection(ProjectConfigurationPlatforms) = postSolution
		{04099EE6-805A-40AC-BFB3-FD633A61EAE3}.Debug|Any CPU.ActiveCfg = Debug|Any CPU
		{04099EE6-805A-40AC-BFB3-FD633A61EAE3}.Debug|Any CPU.Build.0 = Debug|Any CPU
		{04099EE6-805A-40AC-BFB3-FD633A61EAE3}.Release|Any CPU.ActiveCfg = Release|Any CPU
		{04099EE6-805A-40AC-BFB3-FD633A61EAE3}.Release|Any CPU.Build.0 = Release|Any CPU
		{6CD363D5-33E7-4575-AD31-D77F99BD9551}.Debug|Any CPU.ActiveCfg = Debug|Any CPU
		{6CD363D5-33E7-4575-AD31-D77F99BD9551}.Debug|Any CPU.Build.0 = Debug|Any CPU
		{6CD363D5-33E7-4575-AD31-D77F99BD9551}.Release|Any CPU.ActiveCfg = Release|Any CPU
		{6CD363D5-33E7-4575-AD31-D77F99BD9551}.Release|Any CPU.Build.0 = Release|Any CPU
		{576FD8F1-075A-49D0-AC86-47596B1B88B2}.Debug|Any CPU.ActiveCfg = Debug|Any CPU
		{576FD8F1-075A-49D0-AC86-47596B1B88B2}.Debug|Any CPU.Build.0 = Debug|Any CPU
		{576FD8F1-075A-49D0-AC86-47596B1B88B2}.Release|Any CPU.ActiveCfg = Release|Any CPU
		{576FD8F1-075A-49D0-AC86-47596B1B88B2}.Release|Any CPU.Build.0 = Release|Any CPU
		{7E85E039-6585-44C6-A410-E1A4406A753B}.Debug|Any CPU.ActiveCfg = Debug|Any CPU
		{7E85E039-6585-44C6-A410-E1A4406A753B}.Debug|Any CPU.Build.0 = Debug|Any CPU
		{7E85E039-6585-44C6-A410-E1A4406A753B}.Release|Any CPU.ActiveCfg = Release|Any CPU
		{7E85E039-6585-44C6-A410-E1A4406A753B}.Release|Any CPU.Build.0 = Release|Any CPU
		{D13A02EA-EBC9-4F88-8887-A6E006FB0FB0}.Debug|Any CPU.ActiveCfg = Debug|Any CPU
		{D13A02EA-EBC9-4F88-8887-A6E006FB0FB0}.Debug|Any CPU.Build.0 = Debug|Any CPU
		{D13A02EA-EBC9-4F88-8887-A6E006FB0FB0}.Release|Any CPU.ActiveCfg = Release|Any CPU
		{D13A02EA-EBC9-4F88-8887-A6E006FB0FB0}.Release|Any CPU.Build.0 = Release|Any CPU
		{03E61B0C-84A1-44BA-ADE5-55D8804012D1}.Debug|Any CPU.ActiveCfg = Debug|Any CPU
		{03E61B0C-84A1-44BA-ADE5-55D8804012D1}.Debug|Any CPU.Build.0 = Debug|Any CPU
		{03E61B0C-84A1-44BA-ADE5-55D8804012D1}.Release|Any CPU.ActiveCfg = Release|Any CPU
		{03E61B0C-84A1-44BA-ADE5-55D8804012D1}.Release|Any CPU.Build.0 = Release|Any CPU
		{32C3F2CD-87BC-4BC4-8C44-CBAE98315BFB}.Debug|Any CPU.ActiveCfg = Debug|Any CPU
		{32C3F2CD-87BC-4BC4-8C44-CBAE98315BFB}.Debug|Any CPU.Build.0 = Debug|Any CPU
		{32C3F2CD-87BC-4BC4-8C44-CBAE98315BFB}.Release|Any CPU.ActiveCfg = Release|Any CPU
		{32C3F2CD-87BC-4BC4-8C44-CBAE98315BFB}.Release|Any CPU.Build.0 = Release|Any CPU
		{32127943-C42D-4BD5-B9D3-989B9A16851A}.Debug|Any CPU.ActiveCfg = Debug|Any CPU
		{32127943-C42D-4BD5-B9D3-989B9A16851A}.Debug|Any CPU.Build.0 = Debug|Any CPU
		{32127943-C42D-4BD5-B9D3-989B9A16851A}.Release|Any CPU.ActiveCfg = Release|Any CPU
		{32127943-C42D-4BD5-B9D3-989B9A16851A}.Release|Any CPU.Build.0 = Release|Any CPU
		{680B3F66-B9A6-4DB1-B1F9-E06B02BC6B4F}.Debug|Any CPU.ActiveCfg = Debug|Any CPU
		{680B3F66-B9A6-4DB1-B1F9-E06B02BC6B4F}.Debug|Any CPU.Build.0 = Debug|Any CPU
		{680B3F66-B9A6-4DB1-B1F9-E06B02BC6B4F}.Release|Any CPU.ActiveCfg = Release|Any CPU
		{680B3F66-B9A6-4DB1-B1F9-E06B02BC6B4F}.Release|Any CPU.Build.0 = Release|Any CPU
		{855D1F87-913D-4FE3-9D7F-3B9A1060E468}.Debug|Any CPU.ActiveCfg = Debug|Any CPU
		{855D1F87-913D-4FE3-9D7F-3B9A1060E468}.Debug|Any CPU.Build.0 = Debug|Any CPU
		{855D1F87-913D-4FE3-9D7F-3B9A1060E468}.Release|Any CPU.ActiveCfg = Release|Any CPU
		{855D1F87-913D-4FE3-9D7F-3B9A1060E468}.Release|Any CPU.Build.0 = Release|Any CPU
		{57934B0F-3D37-44C9-B8E6-B9345DBB382F}.Debug|Any CPU.ActiveCfg = Debug|Any CPU
		{57934B0F-3D37-44C9-B8E6-B9345DBB382F}.Debug|Any CPU.Build.0 = Debug|Any CPU
		{57934B0F-3D37-44C9-B8E6-B9345DBB382F}.Release|Any CPU.ActiveCfg = Release|Any CPU
		{57934B0F-3D37-44C9-B8E6-B9345DBB382F}.Release|Any CPU.Build.0 = Release|Any CPU
		{6C94196A-13A2-4016-9F59-9E426353E92F}.Debug|Any CPU.ActiveCfg = Debug|Any CPU
		{6C94196A-13A2-4016-9F59-9E426353E92F}.Debug|Any CPU.Build.0 = Debug|Any CPU
		{6C94196A-13A2-4016-9F59-9E426353E92F}.Release|Any CPU.ActiveCfg = Release|Any CPU
		{6C94196A-13A2-4016-9F59-9E426353E92F}.Release|Any CPU.Build.0 = Release|Any CPU
	EndGlobalSection
	GlobalSection(SolutionProperties) = preSolution
		HideSolutionNode = FALSE
	EndGlobalSection
	GlobalSection(NestedProjects) = preSolution
		{32C3F2CD-87BC-4BC4-8C44-CBAE98315BFB} = {A62857D2-8324-436D-A52A-E231080FBDA7}
		{7E85E039-6585-44C6-A410-E1A4406A753B} = {A62857D2-8324-436D-A52A-E231080FBDA7}
		{6C94196A-13A2-4016-9F59-9E426353E92F} = {A62857D2-8324-436D-A52A-E231080FBDA7}
		{03E61B0C-84A1-44BA-ADE5-55D8804012D1} = {31726CDF-F0D8-48FD-96C3-B2106382CD06}
		{D13A02EA-EBC9-4F88-8887-A6E006FB0FB0} = {31726CDF-F0D8-48FD-96C3-B2106382CD06}
		{855D1F87-913D-4FE3-9D7F-3B9A1060E468} = {ABBBC5E0-FA28-4AF8-A83D-88E11F58AE59}
		{680B3F66-B9A6-4DB1-B1F9-E06B02BC6B4F} = {ABBBC5E0-FA28-4AF8-A83D-88E11F58AE59}
		{57934B0F-3D37-44C9-B8E6-B9345DBB382F} = {AF0AFA22-D4B0-488D-B465-9BB4BCAE5C16}
	EndGlobalSection
EndGlobal
