
Microsoft Visual Studio Solution File, Format Version 12.00
# Visual Studio 15
VisualStudioVersion = 15.0.28307.757
MinimumVisualStudioVersion = 10.0.40219.1
Project("{FAE04EC0-301F-11D3-BF4B-00C04F79EFBC}") = "encryptFile", "encryptFile\encryptFile.csproj", "{04099EE6-805A-40AC-BFB3-FD633A61EAE3}"
EndProject
Project("{FAE04EC0-301F-11D3-BF4B-00C04F79EFBC}") = "excel", "excel\excel.csproj", "{576FD8F1-075A-49D0-AC86-47596B1B88B2}"
EndProject
Project("{FAE04EC0-301F-11D3-BF4B-00C04F79EFBC}") = "library-u", "library-u\library-u.csproj", "{D13A02EA-EBC9-4F88-8887-A6E006FB0FB0}"
EndProject
Project("{FAE04EC0-301F-11D3-BF4B-00C04F79EFBC}") = "library-ue", "library-ue\library-ue.csproj", "{03E61B0C-84A1-44BA-ADE5-55D8804012D1}"
EndProject
Project("{FAE04EC0-301F-11D3-BF4B-00C04F79EFBC}") = "fileVersion", "fileVersion\fileVersion.csproj", "{32C3F2CD-87BC-4BC4-8C44-CBAE98315BFB}"
EndProject
Project("{FAE04EC0-301F-11D3-BF4B-00C04F79EFBC}") = "findText", "findText\findText.csproj", "{32127943-C42D-4BD5-B9D3-989B9A16851A}"
EndProject
Project("{2150E333-8FDC-42A3-9474-1A3956D46DE8}") = "unity", "unity", "{31726CDF-F0D8-48FD-96C3-B2106382CD06}"
EndProject
Project("{2150E333-8FDC-42A3-9474-1A3956D46DE8}") = "csharp", "csharp", "{A62857D2-8324-436D-A52A-E231080FBDA7}"
EndProject
Project("{2150E333-8FDC-42A3-9474-1A3956D46DE8}") = "test", "test", "{AF0AFA22-D4B0-488D-B465-9BB4BCAE5C16}"
EndProject
Project("{FAE04EC0-301F-11D3-BF4B-00C04F79EFBC}") = "test", "test\test.csproj", "{57934B0F-3D37-44C9-B8E6-B9345DBB382F}"
EndProject
Project("{FAE04EC0-301F-11D3-BF4B-00C04F79EFBC}") = "fontConvert", "fontConvert\fontConvert.csproj", "{339466C1-2C12-4A64-8F75-2E12FCAECCFE}"
EndProject
Project("{FAE04EC0-301F-11D3-BF4B-00C04F79EFBC}") = "fileUtils", "fileUtils\fileUtils.csproj", "{EE8048E9-8118-48D7-88C7-5578DD50A196}"
EndProject
Project("{FAE04EC0-301F-11D3-BF4B-00C04F79EFBC}") = "search", "search\search.csproj", "{5CDB9969-16AF-4FA4-BF72-5AB1A5AD041F}"
EndProject
Project("{2150E333-8FDC-42A3-9474-1A3956D46DE8}") = "tools", "tools", "{0C278015-4345-4711-A29C-F5F0AFC725DD}"
EndProject
Project("{FAE04EC0-301F-11D3-BF4B-00C04F79EFBC}") = "yuege", "yuege\yuege.csproj", "{CD957C8E-238B-424E-9E52-2CF6F4E18D33}"
EndProject
Project("{FAE04EC0-301F-11D3-BF4B-00C04F79EFBC}") = "xiaoyuan", "xiaoyuan\xiaoyuan.csproj", "{1D494954-A83E-4C7F-8B71-4BC7B684171F}"
EndProject
Project("{2150E333-8FDC-42A3-9474-1A3956D46DE8}") = "plugins", "plugins", "{B65FA407-7588-42D8-8282-FA2D2AB3076D}"
EndProject
Project("{9A19103F-16F7-4668-BE54-9A1E7A4F7556}") = "LitJSON", "plugins\litjson\src\LitJson\LitJSON.csproj", "{D7E7F7A5-5ED3-4784-897E-B7CAC79787A4}"
EndProject
Project("{9A19103F-16F7-4668-BE54-9A1E7A4F7556}") = "YamlDotNet", "plugins\YamlDotNet\YamlDotNet\YamlDotNet.csproj", "{D99CE66F-2A6B-488E-BEC4-431897221419}"
EndProject
Project("{D954291E-2A0B-460D-934E-DC6B0785DB48}") = "core", "core\core.shproj", "{C18E12C1-7251-4F80-9B2D-45992F45CCBC}"
EndProject
Project("{D954291E-2A0B-460D-934E-DC6B0785DB48}") = "HtmlAgilityPack.Shared", "plugins\HtmlAgilityPack\src\HtmlAgilityPack.Shared\HtmlAgilityPack.Shared.shproj", "{5BA9A0D7-173F-4C4F-AFFA-3DD6DC2F9A79}"
EndProject
Project("{D954291E-2A0B-460D-934E-DC6B0785DB48}") = "core-excel", "core-excel\core-excel.shproj", "{1962049B-A853-4B8C-8230-3AB672039553}"
EndProject
Project("{2150E333-8FDC-42A3-9474-1A3956D46DE8}") = "core", "core", "{0106F8B5-5AD9-4442-BE18-7170909D1F27}"
EndProject
Project("{FAE04EC0-301F-11D3-BF4B-00C04F79EFBC}") = "fgo", "fgo\fgo.csproj", "{68F56591-E79D-4A64-AFDF-046BBF05B744}"
EndProject
Project("{D954291E-2A0B-460D-934E-DC6B0785DB48}") = "core-version", "core-version\core-version.shproj", "{666BF49F-317B-414E-8B1D-F9B6E530BCF0}"
EndProject
Global
	GlobalSection(SharedMSBuildProjectFiles) = preSolution
		core-excel\core-excel.projitems*{03e61b0c-84a1-44ba-ade5-55d8804012d1}*SharedItemsImports = 4
		core-version\core-version.projitems*{03e61b0c-84a1-44ba-ade5-55d8804012d1}*SharedItemsImports = 4
		core\core.projitems*{04099ee6-805a-40ac-bfb3-fd633a61eae3}*SharedItemsImports = 4
		core-excel\core-excel.projitems*{1962049b-a853-4b8c-8230-3ab672039553}*SharedItemsImports = 13
		plugins\HtmlAgilityPack\src\HtmlAgilityPack.Shared\HtmlAgilityPack.Shared.projitems*{32127943-c42d-4bd5-b9d3-989b9a16851a}*SharedItemsImports = 4
		core\core.projitems*{32c3f2cd-87bc-4bc4-8c44-cbae98315bfb}*SharedItemsImports = 4
		core\core.projitems*{339466c1-2c12-4a64-8f75-2e12fcaeccfe}*SharedItemsImports = 4
		core-excel\core-excel.projitems*{576fd8f1-075a-49d0-ac86-47596b1b88b2}*SharedItemsImports = 4
		core\core.projitems*{576fd8f1-075a-49d0-ac86-47596b1b88b2}*SharedItemsImports = 4
		plugins\HtmlAgilityPack\src\HtmlAgilityPack.Shared\HtmlAgilityPack.Shared.projitems*{5ba9a0d7-173f-4c4f-affa-3dd6dc2f9a79}*SharedItemsImports = 13
		plugins\HtmlAgilityPack\src\HtmlAgilityPack.Shared\HtmlAgilityPack.Shared.projitems*{5cdb9969-16af-4fa4-bf72-5ab1a5ad041f}*SharedItemsImports = 4
		core-version\core-version.projitems*{666bf49f-317b-414e-8b1d-f9b6e530bcf0}*SharedItemsImports = 13
		core\core.projitems*{c18e12c1-7251-4f80-9b2d-45992f45ccbc}*SharedItemsImports = 13
		core-version\core-version.projitems*{d13a02ea-ebc9-4f88-8887-a6e006fb0fb0}*SharedItemsImports = 4
		core\core.projitems*{d13a02ea-ebc9-4f88-8887-a6e006fb0fb0}*SharedItemsImports = 4
		core\core.projitems*{ee8048e9-8118-48d7-88c7-5578dd50a196}*SharedItemsImports = 4
	EndGlobalSection
	GlobalSection(SolutionConfigurationPlatforms) = preSolution
		Debug|Any CPU = Debug|Any CPU
		Debug-AOT|Any CPU = Debug-AOT|Any CPU
		Release|Any CPU = Release|Any CPU
		Release-Signed|Any CPU = Release-Signed|Any CPU
		Release-Unsigned|Any CPU = Release-Unsigned|Any CPU
	EndGlobalSection
	GlobalSection(ProjectConfigurationPlatforms) = postSolution
		{04099EE6-805A-40AC-BFB3-FD633A61EAE3}.Debug|Any CPU.ActiveCfg = Debug|Any CPU
		{04099EE6-805A-40AC-BFB3-FD633A61EAE3}.Debug|Any CPU.Build.0 = Debug|Any CPU
		{04099EE6-805A-40AC-BFB3-FD633A61EAE3}.Debug-AOT|Any CPU.ActiveCfg = Debug|Any CPU
		{04099EE6-805A-40AC-BFB3-FD633A61EAE3}.Debug-AOT|Any CPU.Build.0 = Debug|Any CPU
		{04099EE6-805A-40AC-BFB3-FD633A61EAE3}.Release|Any CPU.ActiveCfg = Release|Any CPU
		{04099EE6-805A-40AC-BFB3-FD633A61EAE3}.Release|Any CPU.Build.0 = Release|Any CPU
		{04099EE6-805A-40AC-BFB3-FD633A61EAE3}.Release-Signed|Any CPU.ActiveCfg = Release|Any CPU
		{04099EE6-805A-40AC-BFB3-FD633A61EAE3}.Release-Signed|Any CPU.Build.0 = Release|Any CPU
		{04099EE6-805A-40AC-BFB3-FD633A61EAE3}.Release-Unsigned|Any CPU.ActiveCfg = Release|Any CPU
		{04099EE6-805A-40AC-BFB3-FD633A61EAE3}.Release-Unsigned|Any CPU.Build.0 = Release|Any CPU
		{576FD8F1-075A-49D0-AC86-47596B1B88B2}.Debug|Any CPU.ActiveCfg = Debug|Any CPU
		{576FD8F1-075A-49D0-AC86-47596B1B88B2}.Debug|Any CPU.Build.0 = Debug|Any CPU
		{576FD8F1-075A-49D0-AC86-47596B1B88B2}.Debug-AOT|Any CPU.ActiveCfg = Debug|Any CPU
		{576FD8F1-075A-49D0-AC86-47596B1B88B2}.Debug-AOT|Any CPU.Build.0 = Debug|Any CPU
		{576FD8F1-075A-49D0-AC86-47596B1B88B2}.Release|Any CPU.ActiveCfg = Release|Any CPU
		{576FD8F1-075A-49D0-AC86-47596B1B88B2}.Release|Any CPU.Build.0 = Release|Any CPU
		{576FD8F1-075A-49D0-AC86-47596B1B88B2}.Release-Signed|Any CPU.ActiveCfg = Release|Any CPU
		{576FD8F1-075A-49D0-AC86-47596B1B88B2}.Release-Signed|Any CPU.Build.0 = Release|Any CPU
		{576FD8F1-075A-49D0-AC86-47596B1B88B2}.Release-Unsigned|Any CPU.ActiveCfg = Release|Any CPU
		{576FD8F1-075A-49D0-AC86-47596B1B88B2}.Release-Unsigned|Any CPU.Build.0 = Release|Any CPU
		{D13A02EA-EBC9-4F88-8887-A6E006FB0FB0}.Debug|Any CPU.ActiveCfg = Debug|Any CPU
		{D13A02EA-EBC9-4F88-8887-A6E006FB0FB0}.Debug|Any CPU.Build.0 = Debug|Any CPU
		{D13A02EA-EBC9-4F88-8887-A6E006FB0FB0}.Debug-AOT|Any CPU.ActiveCfg = Debug|Any CPU
		{D13A02EA-EBC9-4F88-8887-A6E006FB0FB0}.Debug-AOT|Any CPU.Build.0 = Debug|Any CPU
		{D13A02EA-EBC9-4F88-8887-A6E006FB0FB0}.Release|Any CPU.ActiveCfg = Release|Any CPU
		{D13A02EA-EBC9-4F88-8887-A6E006FB0FB0}.Release|Any CPU.Build.0 = Release|Any CPU
		{D13A02EA-EBC9-4F88-8887-A6E006FB0FB0}.Release-Signed|Any CPU.ActiveCfg = Release|Any CPU
		{D13A02EA-EBC9-4F88-8887-A6E006FB0FB0}.Release-Signed|Any CPU.Build.0 = Release|Any CPU
		{D13A02EA-EBC9-4F88-8887-A6E006FB0FB0}.Release-Unsigned|Any CPU.ActiveCfg = Release|Any CPU
		{D13A02EA-EBC9-4F88-8887-A6E006FB0FB0}.Release-Unsigned|Any CPU.Build.0 = Release|Any CPU
		{03E61B0C-84A1-44BA-ADE5-55D8804012D1}.Debug|Any CPU.ActiveCfg = Debug|Any CPU
		{03E61B0C-84A1-44BA-ADE5-55D8804012D1}.Debug|Any CPU.Build.0 = Debug|Any CPU
		{03E61B0C-84A1-44BA-ADE5-55D8804012D1}.Debug-AOT|Any CPU.ActiveCfg = Debug|Any CPU
		{03E61B0C-84A1-44BA-ADE5-55D8804012D1}.Debug-AOT|Any CPU.Build.0 = Debug|Any CPU
		{03E61B0C-84A1-44BA-ADE5-55D8804012D1}.Release|Any CPU.ActiveCfg = Release|Any CPU
		{03E61B0C-84A1-44BA-ADE5-55D8804012D1}.Release|Any CPU.Build.0 = Release|Any CPU
		{03E61B0C-84A1-44BA-ADE5-55D8804012D1}.Release-Signed|Any CPU.ActiveCfg = Release|Any CPU
		{03E61B0C-84A1-44BA-ADE5-55D8804012D1}.Release-Signed|Any CPU.Build.0 = Release|Any CPU
		{03E61B0C-84A1-44BA-ADE5-55D8804012D1}.Release-Unsigned|Any CPU.ActiveCfg = Release|Any CPU
		{03E61B0C-84A1-44BA-ADE5-55D8804012D1}.Release-Unsigned|Any CPU.Build.0 = Release|Any CPU
		{32C3F2CD-87BC-4BC4-8C44-CBAE98315BFB}.Debug|Any CPU.ActiveCfg = Debug|Any CPU
		{32C3F2CD-87BC-4BC4-8C44-CBAE98315BFB}.Debug|Any CPU.Build.0 = Debug|Any CPU
		{32C3F2CD-87BC-4BC4-8C44-CBAE98315BFB}.Debug-AOT|Any CPU.ActiveCfg = Debug|Any CPU
		{32C3F2CD-87BC-4BC4-8C44-CBAE98315BFB}.Debug-AOT|Any CPU.Build.0 = Debug|Any CPU
		{32C3F2CD-87BC-4BC4-8C44-CBAE98315BFB}.Release|Any CPU.ActiveCfg = Release|Any CPU
		{32C3F2CD-87BC-4BC4-8C44-CBAE98315BFB}.Release|Any CPU.Build.0 = Release|Any CPU
		{32C3F2CD-87BC-4BC4-8C44-CBAE98315BFB}.Release-Signed|Any CPU.ActiveCfg = Release|Any CPU
		{32C3F2CD-87BC-4BC4-8C44-CBAE98315BFB}.Release-Signed|Any CPU.Build.0 = Release|Any CPU
		{32C3F2CD-87BC-4BC4-8C44-CBAE98315BFB}.Release-Unsigned|Any CPU.ActiveCfg = Release|Any CPU
		{32C3F2CD-87BC-4BC4-8C44-CBAE98315BFB}.Release-Unsigned|Any CPU.Build.0 = Release|Any CPU
		{32127943-C42D-4BD5-B9D3-989B9A16851A}.Debug|Any CPU.ActiveCfg = Debug|Any CPU
		{32127943-C42D-4BD5-B9D3-989B9A16851A}.Debug|Any CPU.Build.0 = Debug|Any CPU
		{32127943-C42D-4BD5-B9D3-989B9A16851A}.Debug-AOT|Any CPU.ActiveCfg = Debug|Any CPU
		{32127943-C42D-4BD5-B9D3-989B9A16851A}.Debug-AOT|Any CPU.Build.0 = Debug|Any CPU
		{32127943-C42D-4BD5-B9D3-989B9A16851A}.Release|Any CPU.ActiveCfg = Release|Any CPU
		{32127943-C42D-4BD5-B9D3-989B9A16851A}.Release|Any CPU.Build.0 = Release|Any CPU
		{32127943-C42D-4BD5-B9D3-989B9A16851A}.Release-Signed|Any CPU.ActiveCfg = Release|Any CPU
		{32127943-C42D-4BD5-B9D3-989B9A16851A}.Release-Signed|Any CPU.Build.0 = Release|Any CPU
		{32127943-C42D-4BD5-B9D3-989B9A16851A}.Release-Unsigned|Any CPU.ActiveCfg = Release|Any CPU
		{32127943-C42D-4BD5-B9D3-989B9A16851A}.Release-Unsigned|Any CPU.Build.0 = Release|Any CPU
		{57934B0F-3D37-44C9-B8E6-B9345DBB382F}.Debug|Any CPU.ActiveCfg = Debug|Any CPU
		{57934B0F-3D37-44C9-B8E6-B9345DBB382F}.Debug|Any CPU.Build.0 = Debug|Any CPU
		{57934B0F-3D37-44C9-B8E6-B9345DBB382F}.Debug-AOT|Any CPU.ActiveCfg = Debug|Any CPU
		{57934B0F-3D37-44C9-B8E6-B9345DBB382F}.Debug-AOT|Any CPU.Build.0 = Debug|Any CPU
		{57934B0F-3D37-44C9-B8E6-B9345DBB382F}.Release|Any CPU.ActiveCfg = Release|Any CPU
		{57934B0F-3D37-44C9-B8E6-B9345DBB382F}.Release|Any CPU.Build.0 = Release|Any CPU
		{57934B0F-3D37-44C9-B8E6-B9345DBB382F}.Release-Signed|Any CPU.ActiveCfg = Release|Any CPU
		{57934B0F-3D37-44C9-B8E6-B9345DBB382F}.Release-Signed|Any CPU.Build.0 = Release|Any CPU
		{57934B0F-3D37-44C9-B8E6-B9345DBB382F}.Release-Unsigned|Any CPU.ActiveCfg = Release|Any CPU
		{57934B0F-3D37-44C9-B8E6-B9345DBB382F}.Release-Unsigned|Any CPU.Build.0 = Release|Any CPU
		{339466C1-2C12-4A64-8F75-2E12FCAECCFE}.Debug|Any CPU.ActiveCfg = Debug|Any CPU
		{339466C1-2C12-4A64-8F75-2E12FCAECCFE}.Debug|Any CPU.Build.0 = Debug|Any CPU
		{339466C1-2C12-4A64-8F75-2E12FCAECCFE}.Debug-AOT|Any CPU.ActiveCfg = Debug|Any CPU
		{339466C1-2C12-4A64-8F75-2E12FCAECCFE}.Debug-AOT|Any CPU.Build.0 = Debug|Any CPU
		{339466C1-2C12-4A64-8F75-2E12FCAECCFE}.Release|Any CPU.ActiveCfg = Release|Any CPU
		{339466C1-2C12-4A64-8F75-2E12FCAECCFE}.Release|Any CPU.Build.0 = Release|Any CPU
		{339466C1-2C12-4A64-8F75-2E12FCAECCFE}.Release-Signed|Any CPU.ActiveCfg = Release|Any CPU
		{339466C1-2C12-4A64-8F75-2E12FCAECCFE}.Release-Signed|Any CPU.Build.0 = Release|Any CPU
		{339466C1-2C12-4A64-8F75-2E12FCAECCFE}.Release-Unsigned|Any CPU.ActiveCfg = Release|Any CPU
		{339466C1-2C12-4A64-8F75-2E12FCAECCFE}.Release-Unsigned|Any CPU.Build.0 = Release|Any CPU
		{EE8048E9-8118-48D7-88C7-5578DD50A196}.Debug|Any CPU.ActiveCfg = Debug|Any CPU
		{EE8048E9-8118-48D7-88C7-5578DD50A196}.Debug|Any CPU.Build.0 = Debug|Any CPU
		{EE8048E9-8118-48D7-88C7-5578DD50A196}.Debug-AOT|Any CPU.ActiveCfg = Debug|Any CPU
		{EE8048E9-8118-48D7-88C7-5578DD50A196}.Debug-AOT|Any CPU.Build.0 = Debug|Any CPU
		{EE8048E9-8118-48D7-88C7-5578DD50A196}.Release|Any CPU.ActiveCfg = Release|Any CPU
		{EE8048E9-8118-48D7-88C7-5578DD50A196}.Release|Any CPU.Build.0 = Release|Any CPU
		{EE8048E9-8118-48D7-88C7-5578DD50A196}.Release-Signed|Any CPU.ActiveCfg = Release|Any CPU
		{EE8048E9-8118-48D7-88C7-5578DD50A196}.Release-Signed|Any CPU.Build.0 = Release|Any CPU
		{EE8048E9-8118-48D7-88C7-5578DD50A196}.Release-Unsigned|Any CPU.ActiveCfg = Release|Any CPU
		{EE8048E9-8118-48D7-88C7-5578DD50A196}.Release-Unsigned|Any CPU.Build.0 = Release|Any CPU
		{5CDB9969-16AF-4FA4-BF72-5AB1A5AD041F}.Debug|Any CPU.ActiveCfg = Debug|Any CPU
		{5CDB9969-16AF-4FA4-BF72-5AB1A5AD041F}.Debug|Any CPU.Build.0 = Debug|Any CPU
		{5CDB9969-16AF-4FA4-BF72-5AB1A5AD041F}.Debug-AOT|Any CPU.ActiveCfg = Debug|Any CPU
		{5CDB9969-16AF-4FA4-BF72-5AB1A5AD041F}.Debug-AOT|Any CPU.Build.0 = Debug|Any CPU
		{5CDB9969-16AF-4FA4-BF72-5AB1A5AD041F}.Release|Any CPU.ActiveCfg = Release|Any CPU
		{5CDB9969-16AF-4FA4-BF72-5AB1A5AD041F}.Release|Any CPU.Build.0 = Release|Any CPU
		{5CDB9969-16AF-4FA4-BF72-5AB1A5AD041F}.Release-Signed|Any CPU.ActiveCfg = Release|Any CPU
		{5CDB9969-16AF-4FA4-BF72-5AB1A5AD041F}.Release-Signed|Any CPU.Build.0 = Release|Any CPU
		{5CDB9969-16AF-4FA4-BF72-5AB1A5AD041F}.Release-Unsigned|Any CPU.ActiveCfg = Release|Any CPU
		{5CDB9969-16AF-4FA4-BF72-5AB1A5AD041F}.Release-Unsigned|Any CPU.Build.0 = Release|Any CPU
		{CD957C8E-238B-424E-9E52-2CF6F4E18D33}.Debug|Any CPU.ActiveCfg = Debug|Any CPU
		{CD957C8E-238B-424E-9E52-2CF6F4E18D33}.Debug|Any CPU.Build.0 = Debug|Any CPU
		{CD957C8E-238B-424E-9E52-2CF6F4E18D33}.Debug-AOT|Any CPU.ActiveCfg = Debug|Any CPU
		{CD957C8E-238B-424E-9E52-2CF6F4E18D33}.Debug-AOT|Any CPU.Build.0 = Debug|Any CPU
		{CD957C8E-238B-424E-9E52-2CF6F4E18D33}.Release|Any CPU.ActiveCfg = Release|Any CPU
		{CD957C8E-238B-424E-9E52-2CF6F4E18D33}.Release|Any CPU.Build.0 = Release|Any CPU
		{CD957C8E-238B-424E-9E52-2CF6F4E18D33}.Release-Signed|Any CPU.ActiveCfg = Release|Any CPU
		{CD957C8E-238B-424E-9E52-2CF6F4E18D33}.Release-Signed|Any CPU.Build.0 = Release|Any CPU
		{CD957C8E-238B-424E-9E52-2CF6F4E18D33}.Release-Unsigned|Any CPU.ActiveCfg = Release|Any CPU
		{CD957C8E-238B-424E-9E52-2CF6F4E18D33}.Release-Unsigned|Any CPU.Build.0 = Release|Any CPU
		{1D494954-A83E-4C7F-8B71-4BC7B684171F}.Debug|Any CPU.ActiveCfg = Debug|Any CPU
		{1D494954-A83E-4C7F-8B71-4BC7B684171F}.Debug|Any CPU.Build.0 = Debug|Any CPU
		{1D494954-A83E-4C7F-8B71-4BC7B684171F}.Debug-AOT|Any CPU.ActiveCfg = Debug|Any CPU
		{1D494954-A83E-4C7F-8B71-4BC7B684171F}.Debug-AOT|Any CPU.Build.0 = Debug|Any CPU
		{1D494954-A83E-4C7F-8B71-4BC7B684171F}.Release|Any CPU.ActiveCfg = Release|Any CPU
		{1D494954-A83E-4C7F-8B71-4BC7B684171F}.Release|Any CPU.Build.0 = Release|Any CPU
		{1D494954-A83E-4C7F-8B71-4BC7B684171F}.Release-Signed|Any CPU.ActiveCfg = Release|Any CPU
		{1D494954-A83E-4C7F-8B71-4BC7B684171F}.Release-Signed|Any CPU.Build.0 = Release|Any CPU
		{1D494954-A83E-4C7F-8B71-4BC7B684171F}.Release-Unsigned|Any CPU.ActiveCfg = Release|Any CPU
		{1D494954-A83E-4C7F-8B71-4BC7B684171F}.Release-Unsigned|Any CPU.Build.0 = Release|Any CPU
		{D7E7F7A5-5ED3-4784-897E-B7CAC79787A4}.Debug|Any CPU.ActiveCfg = Release|Any CPU
		{D7E7F7A5-5ED3-4784-897E-B7CAC79787A4}.Debug|Any CPU.Build.0 = Release|Any CPU
		{D7E7F7A5-5ED3-4784-897E-B7CAC79787A4}.Debug-AOT|Any CPU.ActiveCfg = Debug|Any CPU
		{D7E7F7A5-5ED3-4784-897E-B7CAC79787A4}.Debug-AOT|Any CPU.Build.0 = Debug|Any CPU
		{D7E7F7A5-5ED3-4784-897E-B7CAC79787A4}.Release|Any CPU.ActiveCfg = Release|Any CPU
		{D7E7F7A5-5ED3-4784-897E-B7CAC79787A4}.Release|Any CPU.Build.0 = Release|Any CPU
		{D7E7F7A5-5ED3-4784-897E-B7CAC79787A4}.Release-Signed|Any CPU.ActiveCfg = Release|Any CPU
		{D7E7F7A5-5ED3-4784-897E-B7CAC79787A4}.Release-Signed|Any CPU.Build.0 = Release|Any CPU
		{D7E7F7A5-5ED3-4784-897E-B7CAC79787A4}.Release-Unsigned|Any CPU.ActiveCfg = Release|Any CPU
		{D7E7F7A5-5ED3-4784-897E-B7CAC79787A4}.Release-Unsigned|Any CPU.Build.0 = Release|Any CPU
		{D99CE66F-2A6B-488E-BEC4-431897221419}.Debug|Any CPU.ActiveCfg = Debug|Any CPU
		{D99CE66F-2A6B-488E-BEC4-431897221419}.Debug|Any CPU.Build.0 = Debug|Any CPU
		{D99CE66F-2A6B-488E-BEC4-431897221419}.Debug-AOT|Any CPU.ActiveCfg = Debug-AOT|Any CPU
		{D99CE66F-2A6B-488E-BEC4-431897221419}.Debug-AOT|Any CPU.Build.0 = Debug-AOT|Any CPU
		{D99CE66F-2A6B-488E-BEC4-431897221419}.Release|Any CPU.ActiveCfg = Release-Unsigned|Any CPU
		{D99CE66F-2A6B-488E-BEC4-431897221419}.Release|Any CPU.Build.0 = Release-Unsigned|Any CPU
		{D99CE66F-2A6B-488E-BEC4-431897221419}.Release-Signed|Any CPU.ActiveCfg = Release-Signed|Any CPU
		{D99CE66F-2A6B-488E-BEC4-431897221419}.Release-Signed|Any CPU.Build.0 = Release-Signed|Any CPU
		{D99CE66F-2A6B-488E-BEC4-431897221419}.Release-Unsigned|Any CPU.ActiveCfg = Release-Unsigned|Any CPU
		{D99CE66F-2A6B-488E-BEC4-431897221419}.Release-Unsigned|Any CPU.Build.0 = Release-Unsigned|Any CPU
		{68F56591-E79D-4A64-AFDF-046BBF05B744}.Debug|Any CPU.ActiveCfg = Debug|Any CPU
		{68F56591-E79D-4A64-AFDF-046BBF05B744}.Debug|Any CPU.Build.0 = Debug|Any CPU
		{68F56591-E79D-4A64-AFDF-046BBF05B744}.Debug-AOT|Any CPU.ActiveCfg = Debug|Any CPU
		{68F56591-E79D-4A64-AFDF-046BBF05B744}.Debug-AOT|Any CPU.Build.0 = Debug|Any CPU
		{68F56591-E79D-4A64-AFDF-046BBF05B744}.Release|Any CPU.ActiveCfg = Release|Any CPU
		{68F56591-E79D-4A64-AFDF-046BBF05B744}.Release|Any CPU.Build.0 = Release|Any CPU
		{68F56591-E79D-4A64-AFDF-046BBF05B744}.Release-Signed|Any CPU.ActiveCfg = Release|Any CPU
		{68F56591-E79D-4A64-AFDF-046BBF05B744}.Release-Signed|Any CPU.Build.0 = Release|Any CPU
		{68F56591-E79D-4A64-AFDF-046BBF05B744}.Release-Unsigned|Any CPU.ActiveCfg = Release|Any CPU
		{68F56591-E79D-4A64-AFDF-046BBF05B744}.Release-Unsigned|Any CPU.Build.0 = Release|Any CPU
	EndGlobalSection
	GlobalSection(SolutionProperties) = preSolution
		HideSolutionNode = FALSE
	EndGlobalSection
	GlobalSection(NestedProjects) = preSolution
		{04099EE6-805A-40AC-BFB3-FD633A61EAE3} = {AF0AFA22-D4B0-488D-B465-9BB4BCAE5C16}
		{576FD8F1-075A-49D0-AC86-47596B1B88B2} = {A62857D2-8324-436D-A52A-E231080FBDA7}
		{D13A02EA-EBC9-4F88-8887-A6E006FB0FB0} = {31726CDF-F0D8-48FD-96C3-B2106382CD06}
		{03E61B0C-84A1-44BA-ADE5-55D8804012D1} = {31726CDF-F0D8-48FD-96C3-B2106382CD06}
		{32C3F2CD-87BC-4BC4-8C44-CBAE98315BFB} = {AF0AFA22-D4B0-488D-B465-9BB4BCAE5C16}
		{32127943-C42D-4BD5-B9D3-989B9A16851A} = {AF0AFA22-D4B0-488D-B465-9BB4BCAE5C16}
		{31726CDF-F0D8-48FD-96C3-B2106382CD06} = {A62857D2-8324-436D-A52A-E231080FBDA7}
		{57934B0F-3D37-44C9-B8E6-B9345DBB382F} = {AF0AFA22-D4B0-488D-B465-9BB4BCAE5C16}
		{339466C1-2C12-4A64-8F75-2E12FCAECCFE} = {AF0AFA22-D4B0-488D-B465-9BB4BCAE5C16}
		{EE8048E9-8118-48D7-88C7-5578DD50A196} = {AF0AFA22-D4B0-488D-B465-9BB4BCAE5C16}
		{5CDB9969-16AF-4FA4-BF72-5AB1A5AD041F} = {AF0AFA22-D4B0-488D-B465-9BB4BCAE5C16}
		{CD957C8E-238B-424E-9E52-2CF6F4E18D33} = {0C278015-4345-4711-A29C-F5F0AFC725DD}
		{1D494954-A83E-4C7F-8B71-4BC7B684171F} = {0C278015-4345-4711-A29C-F5F0AFC725DD}
		{B65FA407-7588-42D8-8282-FA2D2AB3076D} = {A62857D2-8324-436D-A52A-E231080FBDA7}
		{D7E7F7A5-5ED3-4784-897E-B7CAC79787A4} = {B65FA407-7588-42D8-8282-FA2D2AB3076D}
		{D99CE66F-2A6B-488E-BEC4-431897221419} = {B65FA407-7588-42D8-8282-FA2D2AB3076D}
		{C18E12C1-7251-4F80-9B2D-45992F45CCBC} = {0106F8B5-5AD9-4442-BE18-7170909D1F27}
		{5BA9A0D7-173F-4C4F-AFFA-3DD6DC2F9A79} = {B65FA407-7588-42D8-8282-FA2D2AB3076D}
		{1962049B-A853-4B8C-8230-3AB672039553} = {0106F8B5-5AD9-4442-BE18-7170909D1F27}
		{0106F8B5-5AD9-4442-BE18-7170909D1F27} = {A62857D2-8324-436D-A52A-E231080FBDA7}
		{68F56591-E79D-4A64-AFDF-046BBF05B744} = {0C278015-4345-4711-A29C-F5F0AFC725DD}
		{666BF49F-317B-414E-8B1D-F9B6E530BCF0} = {0106F8B5-5AD9-4442-BE18-7170909D1F27}
	EndGlobalSection
	GlobalSection(ExtensibilityGlobals) = postSolution
		SolutionGuid = {FE149189-FAEA-4629-8C50-C17EE7103F6E}
	EndGlobalSection
EndGlobal
